{
    "_readme": [
        "This file locks the dependencies of your project to a known state",
        "Read more about it at https://getcomposer.org/doc/01-basic-usage.md#composer-lock-the-lock-file",
        "This file is @generated automatically"
    ],
    "content-hash": "ed16bb5a66255662a0160e51e89e64b0",
    "packages": [
        {
            "name": "strapless/base",
            "version": "1.1.5",
            "source": {
                "type": "git",
                "url": "https://github.com/strapless/base.git",
                "reference": "4f3b464eb4d196a71646dd29501d565b28cc60bd"
            },
            "dist": {
                "type": "zip",
                "url": "https://api.github.com/repos/strapless/base/zipball/4f3b464eb4d196a71646dd29501d565b28cc60bd",
                "reference": "4f3b464eb4d196a71646dd29501d565b28cc60bd",
                "shasum": ""
            },
            "type": "library",
            "notification-url": "https://packagist.org/downloads/",
            "license": [
                "MIT"
            ],
            "authors": [
                {
                    "name": "Aaron M Jones",
                    "homepage": "http://www.jonesiscoding.com"
                }
            ],
            "description": "SASS Functions & mixins for managing variables within various SASS components.",
            "homepage": "https://www.github.com/strapless/base",
            "keywords": [
                "css",
                "maps",
                "sass",
                "scss",
                "strapless",
                "variables"
            ],
            "time": "2017-12-05T01:04:44+00:00"
        }
    ],
    "packages-dev": [],
    "aliases": [],
    "minimum-stability": "stable",
    "stability-flags": [],
    "prefer-stable": false,
    "prefer-lowest": false,
    "platform": [],
    "platform-dev": []
}
