{
    "_readme": [
        "This file locks the dependencies of your project to a known state",
        "Read more about it at https://getcomposer.org/doc/01-basic-usage.md#composer-lock-the-lock-file",
        "This file is @generated automatically"
    ],
    "content-hash": "3bf6140f56359805d697150b70767951",
    "packages": [
        {
            "name": "deviscoding/base",
            "version": "2.0.2",
            "source": {
                "type": "git",
                "url": "https://github.com/deviscoding/base.git",
                "reference": "422e043118fe98cef847f34a0b57c1f65f8c7fff"
            },
            "dist": {
                "type": "zip",
                "url": "https://api.github.com/repos/deviscoding/base/zipball/422e043118fe98cef847f34a0b57c1f65f8c7fff",
                "reference": "422e043118fe98cef847f34a0b57c1f65f8c7fff",
                "shasum": ""
            },
            "replace": {
                "strapless/base": "^2.0"
            },
            "type": "library",
            "notification-url": "https://packagist.org/downloads/",
            "license": [
                "MIT"
            ],
            "authors": [
                {
                    "name": "Aaron M Jones",
                    "homepage": "http://www.jonesiscoding.com"
                }
            ],
            "description": "SASS Functions & mixins for managing variables within various SASS components.",
            "homepage": "https://www.github.com/deviscoding/base",
            "keywords": [
                "css",
                "maps",
                "sass",
                "scss",
                "strapless",
                "variables"
            ],
            "time": "2018-05-24T12:28:48+00:00"
        }
    ],
    "packages-dev": [],
    "aliases": [],
    "minimum-stability": "stable",
    "stability-flags": [],
    "prefer-stable": false,
    "prefer-lowest": false,
    "platform": [],
    "platform-dev": []
}
